// !$*UTF8*$!
{
	archiveVersion = 1;
	classes = {
	};
	objectVersion = 56;
	objects = {

/* Begin PBXBuildFile section */
		8C0047AF2A8D096500372725 /* AppDelegate.swift in Sources */ = {isa = PBXBuildFile; fileRef = 8C0047AE2A8D096500372725 /* AppDelegate.swift */; };
		8C0047B12A8D096500372725 /* SceneDelegate.swift in Sources */ = {isa = PBXBuildFile; fileRef = 8C0047B02A8D096500372725 /* SceneDelegate.swift */; };
		8C0047B32A8D096500372725 /* DelegatePracticeApp.swift in Sources */ = {isa = PBXBuildFile; fileRef = 8C0047B22A8D096500372725 /* DelegatePracticeApp.swift */; };
		8C0047B62A8D096500372725 /* DelegatePracticeApp.storyboard in Resources */ = {isa = PBXBuildFile; fileRef = 8C0047B42A8D096500372725 /* DelegatePracticeApp.storyboard */; };
		8C0047B82A8D096700372725 /* Assets.xcassets in Resources */ = {isa = PBXBuildFile; fileRef = 8C0047B72A8D096700372725 /* Assets.xcassets */; };
		8C0047BB2A8D096700372725 /* LaunchScreen.storyboard in Resources */ = {isa = PBXBuildFile; fileRef = 8C0047B92A8D096700372725 /* LaunchScreen.storyboard */; };
		8C0047C62A8D096700372725 /* DelegatePracticeAppTests.swift in Sources */ = {isa = PBXBuildFile; fileRef = 8C0047C52A8D096700372725 /* DelegatePracticeAppTests.swift */; };
		8C0047D02A8D096700372725 /* DelegatePracticeAppUITests.swift in Sources */ = {isa = PBXBuildFile; fileRef = 8C0047CF2A8D096700372725 /* DelegatePracticeAppUITests.swift */; };
		8C0047D22A8D096700372725 /* DelegatePracticeAppUITestsLaunchTests.swift in Sources */ = {isa = PBXBuildFile; fileRef = 8C0047D12A8D096700372725 /* DelegatePracticeAppUITestsLaunchTests.swift */; };
		8C0047DF2A8D185100372725 /* TableViewCell.swift in Sources */ = {isa = PBXBuildFile; fileRef = 8C0047DE2A8D185100372725 /* TableViewCell.swift */; };
/* End PBXBuildFile section */

/* Begin PBXContainerItemProxy section */
		8C0047C22A8D096700372725 /* PBXContainerItemProxy */ = {
			isa = PBXContainerItemProxy;
			containerPortal = 8C0047A32A8D096500372725 /* Project object */;
			proxyType = 1;
			remoteGlobalIDString = 8C0047AA2A8D096500372725;
			remoteInfo = DelegatePracticeApp;
		};
		8C0047CC2A8D096700372725 /* PBXContainerItemProxy */ = {
			isa = PBXContainerItemProxy;
			containerPortal = 8C0047A32A8D096500372725 /* Project object */;
			proxyType = 1;
			remoteGlobalIDString = 8C0047AA2A8D096500372725;
			remoteInfo = DelegatePracticeApp;
		};
/* End PBXContainerItemProxy section */

/* Begin PBXFileReference section */
		8C0047AB2A8D096500372725 /* DelegatePracticeApp.app */ = {isa = PBXFileReference; explicitFileType = wrapper.application; includeInIndex = 0; path = DelegatePracticeApp.app; sourceTree = BUILT_PRODUCTS_DIR; };
		8C0047AE2A8D096500372725 /* AppDelegate.swift */ = {isa = PBXFileReference; lastKnownFileType = sourcecode.swift; path = AppDelegate.swift; sourceTree = "<group>"; };
		8C0047B02A8D096500372725 /* SceneDelegate.swift */ = {isa = PBXFileReference; lastKnownFileType = sourcecode.swift; path = SceneDelegate.swift; sourceTree = "<group>"; };
		8C0047B22A8D096500372725 /* DelegatePracticeApp.swift */ = {isa = PBXFileReference; lastKnownFileType = sourcecode.swift; path = DelegatePracticeApp.swift; sourceTree = "<group>"; };
		8C0047B52A8D096500372725 /* Base */ = {isa = PBXFileReference; lastKnownFileType = file.storyboard; name = Base; path = Base.lproj/DelegatePracticeApp.storyboard; sourceTree = "<group>"; };
		8C0047B72A8D096700372725 /* Assets.xcassets */ = {isa = PBXFileReference; lastKnownFileType = folder.assetcatalog; path = Assets.xcassets; sourceTree = "<group>"; };
		8C0047BA2A8D096700372725 /* Base */ = {isa = PBXFileReference; lastKnownFileType = file.storyboard; name = Base; path = Base.lproj/LaunchScreen.storyboard; sourceTree = "<group>"; };
		8C0047BC2A8D096700372725 /* Info.plist */ = {isa = PBXFileReference; lastKnownFileType = text.plist.xml; path = Info.plist; sourceTree = "<group>"; };
		8C0047C12A8D096700372725 /* DelegatePracticeAppTests.xctest */ = {isa = PBXFileReference; explicitFileType = wrapper.cfbundle; includeInIndex = 0; path = DelegatePracticeAppTests.xctest; sourceTree = BUILT_PRODUCTS_DIR; };
		8C0047C52A8D096700372725 /* DelegatePracticeAppTests.swift */ = {isa = PBXFileReference; lastKnownFileType = sourcecode.swift; path = DelegatePracticeAppTests.swift; sourceTree = "<group>"; };
		8C0047CB2A8D096700372725 /* DelegatePracticeAppUITests.xctest */ = {isa = PBXFileReference; explicitFileType = wrapper.cfbundle; includeInIndex = 0; path = DelegatePracticeAppUITests.xctest; sourceTree = BUILT_PRODUCTS_DIR; };
		8C0047CF2A8D096700372725 /* DelegatePracticeAppUITests.swift */ = {isa = PBXFileReference; lastKnownFileType = sourcecode.swift; path = DelegatePracticeAppUITests.swift; sourceTree = "<group>"; };
		8C0047D12A8D096700372725 /* DelegatePracticeAppUITestsLaunchTests.swift */ = {isa = PBXFileReference; lastKnownFileType = sourcecode.swift; path = DelegatePracticeAppUITestsLaunchTests.swift; sourceTree = "<group>"; };
		8C0047DE2A8D185100372725 /* TableViewCell.swift */ = {isa = PBXFileReference; lastKnownFileType = sourcecode.swift; path = TableViewCell.swift; sourceTree = "<group>"; };
/* End PBXFileReference section */

/* Begin PBXFrameworksBuildPhase section */
		8C0047A82A8D096500372725 /* Frameworks */ = {
			isa = PBXFrameworksBuildPhase;
			buildActionMask = 2147483647;
			files = (
			);
			runOnlyForDeploymentPostprocessing = 0;
		};
		8C0047BE2A8D096700372725 /* Frameworks */ = {
			isa = PBXFrameworksBuildPhase;
			buildActionMask = 2147483647;
			files = (
			);
			runOnlyForDeploymentPostprocessing = 0;
		};
		8C0047C82A8D096700372725 /* Frameworks */ = {
			isa = PBXFrameworksBuildPhase;
			buildActionMask = 2147483647;
			files = (
			);
			runOnlyForDeploymentPostprocessing = 0;
		};
/* End PBXFrameworksBuildPhase section */

/* Begin PBXGroup section */
		8C0047A22A8D096500372725 = {
			isa = PBXGroup;
			children = (
				8C0047AD2A8D096500372725 /* DelegatePracticeApp */,
				8C0047C42A8D096700372725 /* DelegatePracticeAppTests */,
				8C0047CE2A8D096700372725 /* DelegatePracticeAppUITests */,
				8C0047AC2A8D096500372725 /* Products */,
			);
			sourceTree = "<group>";
		};
		8C0047AC2A8D096500372725 /* Products */ = {
			isa = PBXGroup;
			children = (
				8C0047AB2A8D096500372725 /* DelegatePracticeApp.app */,
				8C0047C12A8D096700372725 /* DelegatePracticeAppTests.xctest */,
				8C0047CB2A8D096700372725 /* DelegatePracticeAppUITests.xctest */,
			);
			name = Products;
			sourceTree = "<group>";
		};
		8C0047AD2A8D096500372725 /* DelegatePracticeApp */ = {
			isa = PBXGroup;
			children = (
				8C0047AE2A8D096500372725 /* AppDelegate.swift */,
				8C0047B02A8D096500372725 /* SceneDelegate.swift */,
				8C0047B22A8D096500372725 /* DelegatePracticeApp.swift */,
				8C0047DE2A8D185100372725 /* TableViewCell.swift */,
				8C0047B42A8D096500372725 /* DelegatePracticeApp.storyboard */,
				8C0047B72A8D096700372725 /* Assets.xcassets */,
				8C0047B92A8D096700372725 /* LaunchScreen.storyboard */,
				8C0047BC2A8D096700372725 /* Info.plist */,
			);
			path = DelegatePracticeApp;
			sourceTree = "<group>";
		};
		8C0047C42A8D096700372725 /* DelegatePracticeAppTests */ = {
			isa = PBXGroup;
			children = (
				8C0047C52A8D096700372725 /* DelegatePracticeAppTests.swift */,
			);
			path = DelegatePracticeAppTests;
			sourceTree = "<group>";
		};
		8C0047CE2A8D096700372725 /* DelegatePracticeAppUITests */ = {
			isa = PBXGroup;
			children = (
				8C0047CF2A8D096700372725 /* DelegatePracticeAppUITests.swift */,
				8C0047D12A8D096700372725 /* DelegatePracticeAppUITestsLaunchTests.swift */,
			);
			path = DelegatePracticeAppUITests;
			sourceTree = "<group>";
		};
/* End PBXGroup section */

/* Begin PBXNativeTarget section */
		8C0047AA2A8D096500372725 /* DelegatePracticeApp */ = {
			isa = PBXNativeTarget;
			buildConfigurationList = 8C0047D52A8D096700372725 /* Build configuration list for PBXNativeTarget "DelegatePracticeApp" */;
			buildPhases = (
				8C0047A72A8D096500372725 /* Sources */,
				8C0047A82A8D096500372725 /* Frameworks */,
				8C0047A92A8D096500372725 /* Resources */,
			);
			buildRules = (
			);
			dependencies = (
			);
			name = DelegatePracticeApp;
			productName = DelegatePracticeApp;
			productReference = 8C0047AB2A8D096500372725 /* DelegatePracticeApp.app */;
			productType = "com.apple.product-type.application";
		};
		8C0047C02A8D096700372725 /* DelegatePracticeAppTests */ = {
			isa = PBXNativeTarget;
			buildConfigurationList = 8C0047D82A8D096700372725 /* Build configuration list for PBXNativeTarget "DelegatePracticeAppTests" */;
			buildPhases = (
				8C0047BD2A8D096700372725 /* Sources */,
				8C0047BE2A8D096700372725 /* Frameworks */,
				8C0047BF2A8D096700372725 /* Resources */,
			);
			buildRules = (
			);
			dependencies = (
				8C0047C32A8D096700372725 /* PBXTargetDependency */,
			);
			name = DelegatePracticeAppTests;
			productName = DelegatePracticeAppTests;
			productReference = 8C0047C12A8D096700372725 /* DelegatePracticeAppTests.xctest */;
			productType = "com.apple.product-type.bundle.unit-test";
		};
		8C0047CA2A8D096700372725 /* DelegatePracticeAppUITests */ = {
			isa = PBXNativeTarget;
			buildConfigurationList = 8C0047DB2A8D096700372725 /* Build configuration list for PBXNativeTarget "DelegatePracticeAppUITests" */;
			buildPhases = (
				8C0047C72A8D096700372725 /* Sources */,
				8C0047C82A8D096700372725 /* Frameworks */,
				8C0047C92A8D096700372725 /* Resources */,
			);
			buildRules = (
			);
			dependencies = (
				8C0047CD2A8D096700372725 /* PBXTargetDependency */,
			);
			name = DelegatePracticeAppUITests;
			productName = DelegatePracticeAppUITests;
			productReference = 8C0047CB2A8D096700372725 /* DelegatePracticeAppUITests.xctest */;
			productType = "com.apple.product-type.bundle.ui-testing";
		};
/* End PBXNativeTarget section */

/* Begin PBXProject section */
		8C0047A32A8D096500372725 /* Project object */ = {
			isa = PBXProject;
			attributes = {
				BuildIndependentTargetsInParallel = 1;
				LastSwiftUpdateCheck = 1430;
				LastUpgradeCheck = 1430;
				TargetAttributes = {
					8C0047AA2A8D096500372725 = {
						CreatedOnToolsVersion = 14.3.1;
					};
					8C0047C02A8D096700372725 = {
						CreatedOnToolsVersion = 14.3.1;
						TestTargetID = 8C0047AA2A8D096500372725;
					};
					8C0047CA2A8D096700372725 = {
						CreatedOnToolsVersion = 14.3.1;
						TestTargetID = 8C0047AA2A8D096500372725;
					};
				};
			};
			buildConfigurationList = 8C0047A62A8D096500372725 /* Build configuration list for PBXProject "DelegatePracticeApp" */;
			compatibilityVersion = "Xcode 14.0";
			developmentRegion = en;
			hasScannedForEncodings = 0;
			knownRegions = (
				en,
				Base,
			);
			mainGroup = 8C0047A22A8D096500372725;
			productRefGroup = 8C0047AC2A8D096500372725 /* Products */;
			projectDirPath = "";
			projectRoot = "";
			targets = (
				8C0047AA2A8D096500372725 /* DelegatePracticeApp */,
				8C0047C02A8D096700372725 /* DelegatePracticeAppTests */,
				8C0047CA2A8D096700372725 /* DelegatePracticeAppUITests */,
			);
		};
/* End PBXProject section */

/* Begin PBXResourcesBuildPhase section */
		8C0047A92A8D096500372725 /* Resources */ = {
			isa = PBXResourcesBuildPhase;
			buildActionMask = 2147483647;
			files = (
				8C0047BB2A8D096700372725 /* LaunchScreen.storyboard in Resources */,
				8C0047B82A8D096700372725 /* Assets.xcassets in Resources */,
				8C0047B62A8D096500372725 /* DelegatePracticeApp.storyboard in Resources */,
			);
			runOnlyForDeploymentPostprocessing = 0;
		};
		8C0047BF2A8D096700372725 /* Resources */ = {
			isa = PBXResourcesBuildPhase;
			buildActionMask = 2147483647;
			files = (
			);
			runOnlyForDeploymentPostprocessing = 0;
		};
		8C0047C92A8D096700372725 /* Resources */ = {
			isa = PBXResourcesBuildPhase;
			buildActionMask = 2147483647;
			files = (
			);
			runOnlyForDeploymentPostprocessing = 0;
		};
/* End PBXResourcesBuildPhase section */

/* Begin PBXSourcesBuildPhase section */
		8C0047A72A8D096500372725 /* Sources */ = {
			isa = PBXSourcesBuildPhase;
			buildActionMask = 2147483647;
			files = (
				8C0047B32A8D096500372725 /* DelegatePracticeApp.swift in Sources */,
				8C0047DF2A8D185100372725 /* TableViewCell.swift in Sources */,
				8C0047AF2A8D096500372725 /* AppDelegate.swift in Sources */,
				8C0047B12A8D096500372725 /* SceneDelegate.swift in Sources */,
			);
			runOnlyForDeploymentPostprocessing = 0;
		};
		8C0047BD2A8D096700372725 /* Sources */ = {
			isa = PBXSourcesBuildPhase;
			buildActionMask = 2147483647;
			files = (
				8C0047C62A8D096700372725 /* DelegatePracticeAppTests.swift in Sources */,
			);
			runOnlyForDeploymentPostprocessing = 0;
		};
		8C0047C72A8D096700372725 /* Sources */ = {
			isa = PBXSourcesBuildPhase;
			buildActionMask = 2147483647;
			files = (
				8C0047D22A8D096700372725 /* DelegatePracticeAppUITestsLaunchTests.swift in Sources */,
				8C0047D02A8D096700372725 /* DelegatePracticeAppUITests.swift in Sources */,
			);
			runOnlyForDeploymentPostprocessing = 0;
		};
/* End PBXSourcesBuildPhase section */

/* Begin PBXTargetDependency section */
		8C0047C32A8D096700372725 /* PBXTargetDependency */ = {
			isa = PBXTargetDependency;
			target = 8C0047AA2A8D096500372725 /* DelegatePracticeApp */;
			targetProxy = 8C0047C22A8D096700372725 /* PBXContainerItemProxy */;
		};
		8C0047CD2A8D096700372725 /* PBXTargetDependency */ = {
			isa = PBXTargetDependency;
			target = 8C0047AA2A8D096500372725 /* DelegatePracticeApp */;
			targetProxy = 8C0047CC2A8D096700372725 /* PBXContainerItemProxy */;
		};
/* End PBXTargetDependency section */

/* Begin PBXVariantGroup section */
		8C0047B42A8D096500372725 /* DelegatePracticeApp.storyboard */ = {
			isa = PBXVariantGroup;
			children = (
				8C0047B52A8D096500372725 /* Base */,
			);
			name = DelegatePracticeApp.storyboard;
			sourceTree = "<group>";
		};
		8C0047B92A8D096700372725 /* LaunchScreen.storyboard */ = {
			isa = PBXVariantGroup;
			children = (
				8C0047BA2A8D096700372725 /* Base */,
			);
			name = LaunchScreen.storyboard;
			sourceTree = "<group>";
		};
/* End PBXVariantGroup section */

/* Begin XCBuildConfiguration section */
		8C0047D32A8D096700372725 /* Debug */ = {
			isa = XCBuildConfiguration;
			buildSettings = {
				ALWAYS_SEARCH_USER_PATHS = NO;
				CLANG_ANALYZER_NONNULL = YES;
				CLANG_ANALYZER_NUMBER_OBJECT_CONVERSION = YES_AGGRESSIVE;
				CLANG_CXX_LANGUAGE_STANDARD = "gnu++20";
				CLANG_ENABLE_MODULES = YES;
				CLANG_ENABLE_OBJC_ARC = YES;
				CLANG_ENABLE_OBJC_WEAK = YES;
				CLANG_WARN_BLOCK_CAPTURE_AUTORELEASING = YES;
				CLANG_WARN_BOOL_CONVERSION = YES;
				CLANG_WARN_COMMA = YES;
				CLANG_WARN_CONSTANT_CONVERSION = YES;
				CLANG_WARN_DEPRECATED_OBJC_IMPLEMENTATIONS = YES;
				CLANG_WARN_DIRECT_OBJC_ISA_USAGE = YES_ERROR;
				CLANG_WARN_DOCUMENTATION_COMMENTS = YES;
				CLANG_WARN_EMPTY_BODY = YES;
				CLANG_WARN_ENUM_CONVERSION = YES;
				CLANG_WARN_INFINITE_RECURSION = YES;
				CLANG_WARN_INT_CONVERSION = YES;
				CLANG_WARN_NON_LITERAL_NULL_CONVERSION = YES;
				CLANG_WARN_OBJC_IMPLICIT_RETAIN_SELF = YES;
				CLANG_WARN_OBJC_LITERAL_CONVERSION = YES;
				CLANG_WARN_OBJC_ROOT_CLASS = YES_ERROR;
				CLANG_WARN_QUOTED_INCLUDE_IN_FRAMEWORK_HEADER = YES;
				CLANG_WARN_RANGE_LOOP_ANALYSIS = YES;
				CLANG_WARN_STRICT_PROTOTYPES = YES;
				CLANG_WARN_SUSPICIOUS_MOVE = YES;
				CLANG_WARN_UNGUARDED_AVAILABILITY = YES_AGGRESSIVE;
				CLANG_WARN_UNREACHABLE_CODE = YES;
				CLANG_WARN__DUPLICATE_METHOD_MATCH = YES;
				COPY_PHASE_STRIP = NO;
				DEBUG_INFORMATION_FORMAT = dwarf;
				ENABLE_STRICT_OBJC_MSGSEND = YES;
				ENABLE_TESTABILITY = YES;
				GCC_C_LANGUAGE_STANDARD = gnu11;
				GCC_DYNAMIC_NO_PIC = NO;
				GCC_NO_COMMON_BLOCKS = YES;
				GCC_OPTIMIZATION_LEVEL = 0;
				GCC_PREPROCESSOR_DEFINITIONS = (
					"DEBUG=1",
					"$(inherited)",
				);
				GCC_WARN_64_TO_32_BIT_CONVERSION = YES;
				GCC_WARN_ABOUT_RETURN_TYPE = YES_ERROR;
				GCC_WARN_UNDECLARED_SELECTOR = YES;
				GCC_WARN_UNINITIALIZED_AUTOS = YES_AGGRESSIVE;
				GCC_WARN_UNUSED_FUNCTION = YES;
				GCC_WARN_UNUSED_VARIABLE = YES;
				IPHONEOS_DEPLOYMENT_TARGET = 16.4;
				MTL_ENABLE_DEBUG_INFO = INCLUDE_SOURCE;
				MTL_FAST_MATH = YES;
				ONLY_ACTIVE_ARCH = YES;
				SDKROOT = iphoneos;
				SWIFT_ACTIVE_COMPILATION_CONDITIONS = DEBUG;
				SWIFT_OPTIMIZATION_LEVEL = "-Onone";
			};
			name = Debug;
		};
		8C0047D42A8D096700372725 /* Release */ = {
			isa = XCBuildConfiguration;
			buildSettings = {
				ALWAYS_SEARCH_USER_PATHS = NO;
				CLANG_ANALYZER_NONNULL = YES;
				CLANG_ANALYZER_NUMBER_OBJECT_CONVERSION = YES_AGGRESSIVE;
				CLANG_CXX_LANGUAGE_STANDARD = "gnu++20";
				CLANG_ENABLE_MODULES = YES;
				CLANG_ENABLE_OBJC_ARC = YES;
				CLANG_ENABLE_OBJC_WEAK = YES;
				CLANG_WARN_BLOCK_CAPTURE_AUTORELEASING = YES;
				CLANG_WARN_BOOL_CONVERSION = YES;
				CLANG_WARN_COMMA = YES;
				CLANG_WARN_CONSTANT_CONVERSION = YES;
				CLANG_WARN_DEPRECATED_OBJC_IMPLEMENTATIONS = YES;
				CLANG_WARN_DIRECT_OBJC_ISA_USAGE = YES_ERROR;
				CLANG_WARN_DOCUMENTATION_COMMENTS = YES;
				CLANG_WARN_EMPTY_BODY = YES;
				CLANG_WARN_ENUM_CONVERSION = YES;
				CLANG_WARN_INFINITE_RECURSION = YES;
				CLANG_WARN_INT_CONVERSION = YES;
				CLANG_WARN_NON_LITERAL_NULL_CONVERSION = YES;
				CLANG_WARN_OBJC_IMPLICIT_RETAIN_SELF = YES;
				CLANG_WARN_OBJC_LITERAL_CONVERSION = YES;
				CLANG_WARN_OBJC_ROOT_CLASS = YES_ERROR;
				CLANG_WARN_QUOTED_INCLUDE_IN_FRAMEWORK_HEADER = YES;
				CLANG_WARN_RANGE_LOOP_ANALYSIS = YES;
				CLANG_WARN_STRICT_PROTOTYPES = YES;
				CLANG_WARN_SUSPICIOUS_MOVE = YES;
				CLANG_WARN_UNGUARDED_AVAILABILITY = YES_AGGRESSIVE;
				CLANG_WARN_UNREACHABLE_CODE = YES;
				CLANG_WARN__DUPLICATE_METHOD_MATCH = YES;
				COPY_PHASE_STRIP = NO;
				DEBUG_INFORMATION_FORMAT = "dwarf-with-dsym";
				ENABLE_NS_ASSERTIONS = NO;
				ENABLE_STRICT_OBJC_MSGSEND = YES;
				GCC_C_LANGUAGE_STANDARD = gnu11;
				GCC_NO_COMMON_BLOCKS = YES;
				GCC_WARN_64_TO_32_BIT_CONVERSION = YES;
				GCC_WARN_ABOUT_RETURN_TYPE = YES_ERROR;
				GCC_WARN_UNDECLARED_SELECTOR = YES;
				GCC_WARN_UNINITIALIZED_AUTOS = YES_AGGRESSIVE;
				GCC_WARN_UNUSED_FUNCTION = YES;
				GCC_WARN_UNUSED_VARIABLE = YES;
				IPHONEOS_DEPLOYMENT_TARGET = 16.4;
				MTL_ENABLE_DEBUG_INFO = NO;
				MTL_FAST_MATH = YES;
				SDKROOT = iphoneos;
				SWIFT_COMPILATION_MODE = wholemodule;
				SWIFT_OPTIMIZATION_LEVEL = "-O";
				VALIDATE_PRODUCT = YES;
			};
			name = Release;
		};
		8C0047D62A8D096700372725 /* Debug */ = {
			isa = XCBuildConfiguration;
			buildSettings = {
				ASSETCATALOG_COMPILER_APPICON_NAME = AppIcon;
				ASSETCATALOG_COMPILER_GLOBAL_ACCENT_COLOR_NAME = AccentColor;
				CODE_SIGN_STYLE = Automatic;
				CURRENT_PROJECT_VERSION = 1;
				DEVELOPMENT_TEAM = HM3QSFPZ42;
				GENERATE_INFOPLIST_FILE = YES;
				INFOPLIST_FILE = DelegatePracticeApp/Info.plist;
				INFOPLIST_KEY_UIApplicationSupportsIndirectInputEvents = YES;
				INFOPLIST_KEY_UILaunchStoryboardName = LaunchScreen;
				INFOPLIST_KEY_UIMainStoryboardFile = DelegatePracticeApp;
				INFOPLIST_KEY_UISupportedInterfaceOrientations_iPad = "UIInterfaceOrientationPortrait UIInterfaceOrientationPortraitUpsideDown UIInterfaceOrientationLandscapeLeft UIInterfaceOrientationLandscapeRight";
				INFOPLIST_KEY_UISupportedInterfaceOrientations_iPhone = "UIInterfaceOrientationPortrait UIInterfaceOrientationLandscapeLeft UIInterfaceOrientationLandscapeRight";
				LD_RUNPATH_SEARCH_PATHS = (
					"$(inherited)",
					"@executable_path/Frameworks",
				);
				MARKETING_VERSION = 1.0;
				PRODUCT_BUNDLE_IDENTIFIER = "shunsaku.work-gmail.com.DelegatePracticeApp";
				PRODUCT_NAME = "$(TARGET_NAME)";
				SWIFT_EMIT_LOC_STRINGS = YES;
				SWIFT_VERSION = 5.0;
				TARGETED_DEVICE_FAMILY = "1,2";
			};
			name = Debug;
		};
		8C0047D72A8D096700372725 /* Release */ = {
			isa = XCBuildConfiguration;
			buildSettings = {
				ASSETCATALOG_COMPILER_APPICON_NAME = AppIcon;
				ASSETCATALOG_COMPILER_GLOBAL_ACCENT_COLOR_NAME = AccentColor;
				CODE_SIGN_STYLE = Automatic;
				CURRENT_PROJECT_VERSION = 1;
				DEVELOPMENT_TEAM = HM3QSFPZ42;
				GENERATE_INFOPLIST_FILE = YES;
				INFOPLIST_FILE = DelegatePracticeApp/Info.plist;
				INFOPLIST_KEY_UIApplicationSupportsIndirectInputEvents = YES;
				INFOPLIST_KEY_UILaunchStoryboardName = LaunchScreen;
				INFOPLIST_KEY_UIMainStoryboardFile = DelegatePracticeApp;
				INFOPLIST_KEY_UISupportedInterfaceOrientations_iPad = "UIInterfaceOrientationPortrait UIInterfaceOrientationPortraitUpsideDown UIInterfaceOrientationLandscapeLeft UIInterfaceOrientationLandscapeRight";
				INFOPLIST_KEY_UISupportedInterfaceOrientations_iPhone = "UIInterfaceOrientationPortrait UIInterfaceOrientationLandscapeLeft UIInterfaceOrientationLandscapeRight";
				LD_RUNPATH_SEARCH_PATHS = (
					"$(inherited)",
					"@executable_path/Frameworks",
				);
				MARKETING_VERSION = 1.0;
				PRODUCT_BUNDLE_IDENTIFIER = "shunsaku.work-gmail.com.DelegatePracticeApp";
				PRODUCT_NAME = "$(TARGET_NAME)";
				SWIFT_EMIT_LOC_STRINGS = YES;
				SWIFT_VERSION = 5.0;
				TARGETED_DEVICE_FAMILY = "1,2";
			};
			name = Release;
		};
		8C0047D92A8D096700372725 /* Debug */ = {
			isa = XCBuildConfiguration;
			buildSettings = {
				ALWAYS_EMBED_SWIFT_STANDARD_LIBRARIES = YES;
				BUNDLE_LOADER = "$(TEST_HOST)";
				CODE_SIGN_STYLE = Automatic;
				CURRENT_PROJECT_VERSION = 1;
				DEVELOPMENT_TEAM = HM3QSFPZ42;
				GENERATE_INFOPLIST_FILE = YES;
				IPHONEOS_DEPLOYMENT_TARGET = 16.4;
				MARKETING_VERSION = 1.0;
				PRODUCT_BUNDLE_IDENTIFIER = "shunsaku.work-gmail.com.DelegatePracticeAppTests";
				PRODUCT_NAME = "$(TARGET_NAME)";
				SWIFT_EMIT_LOC_STRINGS = NO;
				SWIFT_VERSION = 5.0;
				TARGETED_DEVICE_FAMILY = "1,2";
				TEST_HOST = "$(BUILT_PRODUCTS_DIR)/DelegatePracticeApp.app/$(BUNDLE_EXECUTABLE_FOLDER_PATH)/DelegatePracticeApp";
			};
			name = Debug;
		};
		8C0047DA2A8D096700372725 /* Release */ = {
			isa = XCBuildConfiguration;
			buildSettings = {
				ALWAYS_EMBED_SWIFT_STANDARD_LIBRARIES = YES;
				BUNDLE_LOADER = "$(TEST_HOST)";
				CODE_SIGN_STYLE = Automatic;
				CURRENT_PROJECT_VERSION = 1;
				DEVELOPMENT_TEAM = HM3QSFPZ42;
				GENERATE_INFOPLIST_FILE = YES;
				IPHONEOS_DEPLOYMENT_TARGET = 16.4;
				MARKETING_VERSION = 1.0;
				PRODUCT_BUNDLE_IDENTIFIER = "shunsaku.work-gmail.com.DelegatePracticeAppTests";
				PRODUCT_NAME = "$(TARGET_NAME)";
				SWIFT_EMIT_LOC_STRINGS = NO;
				SWIFT_VERSION = 5.0;
				TARGETED_DEVICE_FAMILY = "1,2";
				TEST_HOST = "$(BUILT_PRODUCTS_DIR)/DelegatePracticeApp.app/$(BUNDLE_EXECUTABLE_FOLDER_PATH)/DelegatePracticeApp";
			};
			name = Release;
		};
		8C0047DC2A8D096700372725 /* Debug */ = {
			isa = XCBuildConfiguration;
			buildSettings = {
				ALWAYS_EMBED_SWIFT_STANDARD_LIBRARIES = YES;
				CODE_SIGN_STYLE = Automatic;
				CURRENT_PROJECT_VERSION = 1;
				DEVELOPMENT_TEAM = HM3QSFPZ42;
				GENERATE_INFOPLIST_FILE = YES;
				MARKETING_VERSION = 1.0;
				PRODUCT_BUNDLE_IDENTIFIER = "shunsaku.work-gmail.com.DelegatePracticeAppUITests";
				PRODUCT_NAME = "$(TARGET_NAME)";
				SWIFT_EMIT_LOC_STRINGS = NO;
				SWIFT_VERSION = 5.0;
				TARGETED_DEVICE_FAMILY = "1,2";
				TEST_TARGET_NAME = DelegatePracticeApp;
			};
			name = Debug;
		};
		8C0047DD2A8D096700372725 /* Release */ = {
			isa = XCBuildConfiguration;
			buildSettings = {
				ALWAYS_EMBED_SWIFT_STANDARD_LIBRARIES = YES;
				CODE_SIGN_STYLE = Automatic;
				CURRENT_PROJECT_VERSION = 1;
				DEVELOPMENT_TEAM = HM3QSFPZ42;
				GENERATE_INFOPLIST_FILE = YES;
				MARKETING_VERSION = 1.0;
				PRODUCT_BUNDLE_IDENTIFIER = "shunsaku.work-gmail.com.DelegatePracticeAppUITests";
				PRODUCT_NAME = "$(TARGET_NAME)";
				SWIFT_EMIT_LOC_STRINGS = NO;
				SWIFT_VERSION = 5.0;
				TARGETED_DEVICE_FAMILY = "1,2";
				TEST_TARGET_NAME = DelegatePracticeApp;
			};
			name = Release;
		};
/* End XCBuildConfiguration section */

/* Begin XCConfigurationList section */
		8C0047A62A8D096500372725 /* Build configuration list for PBXProject "DelegatePracticeApp" */ = {
			isa = XCConfigurationList;
			buildConfigurations = (
				8C0047D32A8D096700372725 /* Debug */,
				8C0047D42A8D096700372725 /* Release */,
			);
			defaultConfigurationIsVisible = 0;
			defaultConfigurationName = Release;
		};
		8C0047D52A8D096700372725 /* Build configuration list for PBXNativeTarget "DelegatePracticeApp" */ = {
			isa = XCConfigurationList;
			buildConfigurations = (
				8C0047D62A8D096700372725 /* Debug */,
				8C0047D72A8D096700372725 /* Release */,
			);
			defaultConfigurationIsVisible = 0;
			defaultConfigurationName = Release;
		};
		8C0047D82A8D096700372725 /* Build configuration list for PBXNativeTarget "DelegatePracticeAppTests" */ = {
			isa = XCConfigurationList;
			buildConfigurations = (
				8C0047D92A8D096700372725 /* Debug */,
				8C0047DA2A8D096700372725 /* Release */,
			);
			defaultConfigurationIsVisible = 0;
			defaultConfigurationName = Release;
		};
		8C0047DB2A8D096700372725 /* Build configuration list for PBXNativeTarget "DelegatePracticeAppUITests" */ = {
			isa = XCConfigurationList;
			buildConfigurations = (
				8C0047DC2A8D096700372725 /* Debug */,
				8C0047DD2A8D096700372725 /* Release */,
			);
			defaultConfigurationIsVisible = 0;
			defaultConfigurationName = Release;
		};
/* End XCConfigurationList section */
	};
	rootObject = 8C0047A32A8D096500372725 /* Project object */;
}
